// !$*UTF8*$!
{
	archiveVersion = 1;
	classes = {
	};
	objectVersion = 55;
	objects = {

/* Begin PBXBuildFile section */
		0DA12407297AF27A006310F2 /* NetworkConstants.swift in Sources */ = {isa = PBXBuildFile; fileRef = 0DA12406297AF27A006310F2 /* NetworkConstants.swift */; };
		0DA12409297AF66D006310F2 /* Movie.swift in Sources */ = {isa = PBXBuildFile; fileRef = 0DA12408297AF66D006310F2 /* Movie.swift */; };
		0DA1240B297AF74D006310F2 /* DiscoverViewModel.swift in Sources */ = {isa = PBXBuildFile; fileRef = 0DA1240A297AF74D006310F2 /* DiscoverViewModel.swift */; };
		0DA1240D297B0078006310F2 /* DiscoverMovieView.swift in Sources */ = {isa = PBXBuildFile; fileRef = 0DA1240C297B0078006310F2 /* DiscoverMovieView.swift */; };
		0DA12410297B00C6006310F2 /* MovieTitleView.swift in Sources */ = {isa = PBXBuildFile; fileRef = 0DA1240F297B00C6006310F2 /* MovieTitleView.swift */; };
		1F5DC59B298C201B0006AD8A /* BookingViewModel.swift in Sources */ = {isa = PBXBuildFile; fileRef = 1F5DC59A298C201B0006AD8A /* BookingViewModel.swift */; };
		1F5DC59D298C213E0006AD8A /* BookingManager.swift in Sources */ = {isa = PBXBuildFile; fileRef = 1F5DC59C298C213E0006AD8A /* BookingManager.swift */; };
		1F5DC59F298C21810006AD8A /* BookingSeatModel.swift in Sources */ = {isa = PBXBuildFile; fileRef = 1F5DC59E298C21810006AD8A /* BookingSeatModel.swift */; };
		1F68AF99298AA1E200621A99 /* BookingViewController.swift in Sources */ = {isa = PBXBuildFile; fileRef = 1F68AF98298AA1E200621A99 /* BookingViewController.swift */; };
		1F68AF9D298AA6CF00621A99 /* BookingSeatsTableViewCell.swift in Sources */ = {isa = PBXBuildFile; fileRef = 1F68AF9C298AA6CF00621A99 /* BookingSeatsTableViewCell.swift */; };
		1F98A73B298AFFBD000574D1 /* SeatStatusView.swift in Sources */ = {isa = PBXBuildFile; fileRef = 1F98A73A298AFFBD000574D1 /* SeatStatusView.swift */; };
		1F98A73D298B0820000574D1 /* BookingItemsUIView.swift in Sources */ = {isa = PBXBuildFile; fileRef = 1F98A73C298B0820000574D1 /* BookingItemsUIView.swift */; };
		1F9D6687297AB943000B2035 /* AppDelegate.swift in Sources */ = {isa = PBXBuildFile; fileRef = 1F9D6686297AB943000B2035 /* AppDelegate.swift */; };
		1F9D6689297AB943000B2035 /* SceneDelegate.swift in Sources */ = {isa = PBXBuildFile; fileRef = 1F9D6688297AB943000B2035 /* SceneDelegate.swift */; };
		1F9D668B297AB943000B2035 /* DiscoverViewController.swift in Sources */ = {isa = PBXBuildFile; fileRef = 1F9D668A297AB943000B2035 /* DiscoverViewController.swift */; };
		1F9D6691297AB943000B2035 /* MovieApp2023.xcdatamodeld in Sources */ = {isa = PBXBuildFile; fileRef = 1F9D668F297AB943000B2035 /* MovieApp2023.xcdatamodeld */; };
		1F9D6693297AB944000B2035 /* Assets.xcassets in Resources */ = {isa = PBXBuildFile; fileRef = 1F9D6692297AB944000B2035 /* Assets.xcassets */; };
		1F9D6696297AB944000B2035 /* LaunchScreen.storyboard in Resources */ = {isa = PBXBuildFile; fileRef = 1F9D6694297AB944000B2035 /* LaunchScreen.storyboard */; };
		1F9D66A8297ABBBC000B2035 /* DiscoverHeaderView.swift in Sources */ = {isa = PBXBuildFile; fileRef = 1F9D66A7297ABBBC000B2035 /* DiscoverHeaderView.swift */; };
		1F9D66AB297ABD65000B2035 /* SnapKit in Frameworks */ = {isa = PBXBuildFile; productRef = 1F9D66AA297ABD65000B2035 /* SnapKit */; };
		1F9D66AF297ABEAF000B2035 /* Alamofire in Frameworks */ = {isa = PBXBuildFile; productRef = 1F9D66AE297ABEAF000B2035 /* Alamofire */; };
		1F9D66B1297ABEBA000B2035 /* MovieService.swift in Sources */ = {isa = PBXBuildFile; fileRef = 1F9D66B0297ABEBA000B2035 /* MovieService.swift */; };
		1F9D66B3297ABEEC000B2035 /* ApiManager.swift in Sources */ = {isa = PBXBuildFile; fileRef = 1F9D66B2297ABEEC000B2035 /* ApiManager.swift */; };
		1F9D66B6297AC18F000B2035 /* MainTabBarViewController.swift in Sources */ = {isa = PBXBuildFile; fileRef = 1F9D66B5297AC18F000B2035 /* MainTabBarViewController.swift */; };
		1F9D66B9297AC2C9000B2035 /* ColorExtensions.swift in Sources */ = {isa = PBXBuildFile; fileRef = 1F9D66B8297AC2C9000B2035 /* ColorExtensions.swift */; };
		1F9D66BC297BD60F000B2035 /* DiscoverMovieCollectionView.swift in Sources */ = {isa = PBXBuildFile; fileRef = 1F9D66BB297BD60F000B2035 /* DiscoverMovieCollectionView.swift */; };
		1F9D66BF297C4321000B2035 /* MovieBannerCollectionView.swift in Sources */ = {isa = PBXBuildFile; fileRef = 1F9D66BE297C4321000B2035 /* MovieBannerCollectionView.swift */; };
		1F9D66C1297C6DFE000B2035 /* ImageManager.swift in Sources */ = {isa = PBXBuildFile; fileRef = 1F9D66C0297C6DFE000B2035 /* ImageManager.swift */; };
		1F9D66C4297C6E65000B2035 /* Kingfisher in Frameworks */ = {isa = PBXBuildFile; productRef = 1F9D66C3297C6E65000B2035 /* Kingfisher */; };
		1F9D66C7297C7237000B2035 /* MovieManager.swift in Sources */ = {isa = PBXBuildFile; fileRef = 1F9D66C6297C7237000B2035 /* MovieManager.swift */; };
		1F9DCC74297DA9DF00B4FAF5 /* UIImageView+Extension.swift in Sources */ = {isa = PBXBuildFile; fileRef = 1F9DCC73297DA9DF00B4FAF5 /* UIImageView+Extension.swift */; };
		1F9DCC76297DC64C00B4FAF5 /* MovieInfoView.swift in Sources */ = {isa = PBXBuildFile; fileRef = 1F9DCC75297DC64C00B4FAF5 /* MovieInfoView.swift */; };
		1F9DCC79297DC70100B4FAF5 /* UILabel+Extensions.swift in Sources */ = {isa = PBXBuildFile; fileRef = 1F9DCC78297DC70100B4FAF5 /* UILabel+Extensions.swift */; };
		1F9DCC7B297DC86A00B4FAF5 /* UIView+Extensions.swift in Sources */ = {isa = PBXBuildFile; fileRef = 1F9DCC7A297DC86A00B4FAF5 /* UIView+Extensions.swift */; };
		1F9DCC7D297DC8F200B4FAF5 /* UIStackView+Extension.swift in Sources */ = {isa = PBXBuildFile; fileRef = 1F9DCC7C297DC8F200B4FAF5 /* UIStackView+Extension.swift */; };
		1F9FF834297F19BA00DF0ECD /* MovieDetailViewController.swift in Sources */ = {isa = PBXBuildFile; fileRef = 1F9FF833297F19BA00DF0ECD /* MovieDetailViewController.swift */; };
		1F9FF837297F1A5E00DF0ECD /* TrailerView.swift in Sources */ = {isa = PBXBuildFile; fileRef = 1F9FF836297F1A5E00DF0ECD /* TrailerView.swift */; };
		1F9FF839297F1CEE00DF0ECD /* YoutubeService.swift in Sources */ = {isa = PBXBuildFile; fileRef = 1F9FF838297F1CEE00DF0ECD /* YoutubeService.swift */; };
		1F9FF83B297F1D1E00DF0ECD /* Youtube.swift in Sources */ = {isa = PBXBuildFile; fileRef = 1F9FF83A297F1D1E00DF0ECD /* Youtube.swift */; };
		1F9FF83D297F1DA900DF0ECD /* Constants.swift in Sources */ = {isa = PBXBuildFile; fileRef = 1F9FF83C297F1DA800DF0ECD /* Constants.swift */; };
		1F9FF83F297F1DD800DF0ECD /* MovieDetailViewModel.swift in Sources */ = {isa = PBXBuildFile; fileRef = 1F9FF83E297F1DD800DF0ECD /* MovieDetailViewModel.swift */; };
		1F9FF843297F1E2E00DF0ECD /* MovieDetailModel.swift in Sources */ = {isa = PBXBuildFile; fileRef = 1F9FF842297F1E2E00DF0ECD /* MovieDetailModel.swift */; };
		1FFF3F612985C2020096E7BC /* RouterProtocol.swift in Sources */ = {isa = PBXBuildFile; fileRef = 1FFF3F602985C2020096E7BC /* RouterProtocol.swift */; };
		1FFF3F642985C43F0096E7BC /* BaseViewController.swift in Sources */ = {isa = PBXBuildFile; fileRef = 1FFF3F632985C43F0096E7BC /* BaseViewController.swift */; };
		1FFF3F662985C6500096E7BC /* ButtonView.swift in Sources */ = {isa = PBXBuildFile; fileRef = 1FFF3F652985C6500096E7BC /* ButtonView.swift */; };
/* End PBXBuildFile section */

/* Begin PBXFileReference section */
		0DA12406297AF27A006310F2 /* NetworkConstants.swift */ = {isa = PBXFileReference; lastKnownFileType = sourcecode.swift; path = NetworkConstants.swift; sourceTree = "<group>"; };
		0DA12408297AF66D006310F2 /* Movie.swift */ = {isa = PBXFileReference; lastKnownFileType = sourcecode.swift; name = Movie.swift; path = MovieApp2023/Models/Response/Movie.swift; sourceTree = SOURCE_ROOT; };
		0DA1240A297AF74D006310F2 /* DiscoverViewModel.swift */ = {isa = PBXFileReference; lastKnownFileType = sourcecode.swift; path = DiscoverViewModel.swift; sourceTree = "<group>"; };
		0DA1240C297B0078006310F2 /* DiscoverMovieView.swift */ = {isa = PBXFileReference; lastKnownFileType = sourcecode.swift; path = DiscoverMovieView.swift; sourceTree = "<group>"; };
		0DA1240F297B00C6006310F2 /* MovieTitleView.swift */ = {isa = PBXFileReference; lastKnownFileType = sourcecode.swift; path = MovieTitleView.swift; sourceTree = "<group>"; };
		1F5DC59A298C201B0006AD8A /* BookingViewModel.swift */ = {isa = PBXFileReference; lastKnownFileType = sourcecode.swift; path = BookingViewModel.swift; sourceTree = "<group>"; };
		1F5DC59C298C213E0006AD8A /* BookingManager.swift */ = {isa = PBXFileReference; lastKnownFileType = sourcecode.swift; path = BookingManager.swift; sourceTree = "<group>"; };
		1F5DC59E298C21810006AD8A /* BookingSeatModel.swift */ = {isa = PBXFileReference; lastKnownFileType = sourcecode.swift; path = BookingSeatModel.swift; sourceTree = "<group>"; };
		1F68AF98298AA1E200621A99 /* BookingViewController.swift */ = {isa = PBXFileReference; lastKnownFileType = sourcecode.swift; path = BookingViewController.swift; sourceTree = "<group>"; };
		1F68AF9C298AA6CF00621A99 /* BookingSeatsTableViewCell.swift */ = {isa = PBXFileReference; lastKnownFileType = sourcecode.swift; path = BookingSeatsTableViewCell.swift; sourceTree = "<group>"; };
		1F98A73A298AFFBD000574D1 /* SeatStatusView.swift */ = {isa = PBXFileReference; lastKnownFileType = sourcecode.swift; path = SeatStatusView.swift; sourceTree = "<group>"; };
		1F98A73C298B0820000574D1 /* BookingItemsUIView.swift */ = {isa = PBXFileReference; lastKnownFileType = sourcecode.swift; path = BookingItemsUIView.swift; sourceTree = "<group>"; };
		1F9D6683297AB943000B2035 /* MovieApp2023.app */ = {isa = PBXFileReference; explicitFileType = wrapper.application; includeInIndex = 0; path = MovieApp2023.app; sourceTree = BUILT_PRODUCTS_DIR; };
		1F9D6686297AB943000B2035 /* AppDelegate.swift */ = {isa = PBXFileReference; lastKnownFileType = sourcecode.swift; path = AppDelegate.swift; sourceTree = "<group>"; };
		1F9D6688297AB943000B2035 /* SceneDelegate.swift */ = {isa = PBXFileReference; lastKnownFileType = sourcecode.swift; path = SceneDelegate.swift; sourceTree = "<group>"; };
		1F9D668A297AB943000B2035 /* DiscoverViewController.swift */ = {isa = PBXFileReference; lastKnownFileType = sourcecode.swift; path = DiscoverViewController.swift; sourceTree = "<group>"; };
		1F9D6690297AB943000B2035 /* MovieApp2023.xcdatamodel */ = {isa = PBXFileReference; lastKnownFileType = wrapper.xcdatamodel; path = MovieApp2023.xcdatamodel; sourceTree = "<group>"; };
		1F9D6692297AB944000B2035 /* Assets.xcassets */ = {isa = PBXFileReference; lastKnownFileType = folder.assetcatalog; path = Assets.xcassets; sourceTree = "<group>"; };
		1F9D6695297AB944000B2035 /* Base */ = {isa = PBXFileReference; lastKnownFileType = file.storyboard; name = Base; path = Base.lproj/LaunchScreen.storyboard; sourceTree = "<group>"; };
		1F9D6697297AB944000B2035 /* Info.plist */ = {isa = PBXFileReference; lastKnownFileType = text.plist.xml; path = Info.plist; sourceTree = "<group>"; };
		1F9D66A7297ABBBC000B2035 /* DiscoverHeaderView.swift */ = {isa = PBXFileReference; lastKnownFileType = sourcecode.swift; path = DiscoverHeaderView.swift; sourceTree = "<group>"; };
		1F9D66B0297ABEBA000B2035 /* MovieService.swift */ = {isa = PBXFileReference; lastKnownFileType = sourcecode.swift; path = MovieService.swift; sourceTree = "<group>"; };
		1F9D66B2297ABEEC000B2035 /* ApiManager.swift */ = {isa = PBXFileReference; lastKnownFileType = sourcecode.swift; path = ApiManager.swift; sourceTree = "<group>"; };
		1F9D66B5297AC18F000B2035 /* MainTabBarViewController.swift */ = {isa = PBXFileReference; lastKnownFileType = sourcecode.swift; path = MainTabBarViewController.swift; sourceTree = "<group>"; };
		1F9D66B8297AC2C9000B2035 /* ColorExtensions.swift */ = {isa = PBXFileReference; lastKnownFileType = sourcecode.swift; path = ColorExtensions.swift; sourceTree = "<group>"; };
		1F9D66BB297BD60F000B2035 /* DiscoverMovieCollectionView.swift */ = {isa = PBXFileReference; lastKnownFileType = sourcecode.swift; path = DiscoverMovieCollectionView.swift; sourceTree = "<group>"; };
		1F9D66BE297C4321000B2035 /* MovieBannerCollectionView.swift */ = {isa = PBXFileReference; lastKnownFileType = sourcecode.swift; path = MovieBannerCollectionView.swift; sourceTree = "<group>"; };
		1F9D66C0297C6DFE000B2035 /* ImageManager.swift */ = {isa = PBXFileReference; lastKnownFileType = sourcecode.swift; path = ImageManager.swift; sourceTree = "<group>"; };
		1F9D66C6297C7237000B2035 /* MovieManager.swift */ = {isa = PBXFileReference; lastKnownFileType = sourcecode.swift; path = MovieManager.swift; sourceTree = "<group>"; };
		1F9DCC73297DA9DF00B4FAF5 /* UIImageView+Extension.swift */ = {isa = PBXFileReference; lastKnownFileType = sourcecode.swift; path = "UIImageView+Extension.swift"; sourceTree = "<group>"; };
		1F9DCC75297DC64C00B4FAF5 /* MovieInfoView.swift */ = {isa = PBXFileReference; lastKnownFileType = sourcecode.swift; path = MovieInfoView.swift; sourceTree = "<group>"; };
		1F9DCC78297DC70100B4FAF5 /* UILabel+Extensions.swift */ = {isa = PBXFileReference; lastKnownFileType = sourcecode.swift; path = "UILabel+Extensions.swift"; sourceTree = "<group>"; };
		1F9DCC7A297DC86A00B4FAF5 /* UIView+Extensions.swift */ = {isa = PBXFileReference; lastKnownFileType = sourcecode.swift; path = "UIView+Extensions.swift"; sourceTree = "<group>"; };
		1F9DCC7C297DC8F200B4FAF5 /* UIStackView+Extension.swift */ = {isa = PBXFileReference; lastKnownFileType = sourcecode.swift; path = "UIStackView+Extension.swift"; sourceTree = "<group>"; };
		1F9FF833297F19BA00DF0ECD /* MovieDetailViewController.swift */ = {isa = PBXFileReference; lastKnownFileType = sourcecode.swift; path = MovieDetailViewController.swift; sourceTree = "<group>"; };
		1F9FF836297F1A5E00DF0ECD /* TrailerView.swift */ = {isa = PBXFileReference; lastKnownFileType = sourcecode.swift; path = TrailerView.swift; sourceTree = "<group>"; };
		1F9FF838297F1CEE00DF0ECD /* YoutubeService.swift */ = {isa = PBXFileReference; lastKnownFileType = sourcecode.swift; path = YoutubeService.swift; sourceTree = "<group>"; };
		1F9FF83A297F1D1E00DF0ECD /* Youtube.swift */ = {isa = PBXFileReference; lastKnownFileType = sourcecode.swift; name = Youtube.swift; path = MovieApp2023/Models/Response/Youtube.swift; sourceTree = SOURCE_ROOT; };
		1F9FF83C297F1DA800DF0ECD /* Constants.swift */ = {isa = PBXFileReference; lastKnownFileType = sourcecode.swift; path = Constants.swift; sourceTree = "<group>"; };
		1F9FF83E297F1DD800DF0ECD /* MovieDetailViewModel.swift */ = {isa = PBXFileReference; lastKnownFileType = sourcecode.swift; path = MovieDetailViewModel.swift; sourceTree = "<group>"; };
		1F9FF842297F1E2E00DF0ECD /* MovieDetailModel.swift */ = {isa = PBXFileReference; lastKnownFileType = sourcecode.swift; path = MovieDetailModel.swift; sourceTree = "<group>"; };
		1FFF3F602985C2020096E7BC /* RouterProtocol.swift */ = {isa = PBXFileReference; lastKnownFileType = sourcecode.swift; path = RouterProtocol.swift; sourceTree = "<group>"; };
		1FFF3F632985C43F0096E7BC /* BaseViewController.swift */ = {isa = PBXFileReference; lastKnownFileType = sourcecode.swift; path = BaseViewController.swift; sourceTree = "<group>"; };
		1FFF3F652985C6500096E7BC /* ButtonView.swift */ = {isa = PBXFileReference; lastKnownFileType = sourcecode.swift; path = ButtonView.swift; sourceTree = "<group>"; };
/* End PBXFileReference section */

/* Begin PBXFrameworksBuildPhase section */
		1F9D6680297AB943000B2035 /* Frameworks */ = {
			isa = PBXFrameworksBuildPhase;
			buildActionMask = 2147483647;
			files = (
				1F9D66C4297C6E65000B2035 /* Kingfisher in Frameworks */,
				1F9D66AB297ABD65000B2035 /* SnapKit in Frameworks */,
				1F9D66AF297ABEAF000B2035 /* Alamofire in Frameworks */,
			);
			runOnlyForDeploymentPostprocessing = 0;
		};
/* End PBXFrameworksBuildPhase section */

/* Begin PBXGroup section */
		0DA1240E297B00B5006310F2 /* Movie */ = {
			isa = PBXGroup;
			children = (
				0DA1240F297B00C6006310F2 /* MovieTitleView.swift */,
				1F9DCC75297DC64C00B4FAF5 /* MovieInfoView.swift */,
				1F9FF836297F1A5E00DF0ECD /* TrailerView.swift */,
			);
			path = Movie;
			sourceTree = "<group>";
		};
		1F68AF97298AA1BA00621A99 /* Booking */ = {
			isa = PBXGroup;
			children = (
				1F68AF98298AA1E200621A99 /* BookingViewController.swift */,
				1F5DC59A298C201B0006AD8A /* BookingViewModel.swift */,
			);
			path = Booking;
			sourceTree = "<group>";
		};
		1F68AF9A298AA68A00621A99 /* MovieTheaterBooking */ = {
			isa = PBXGroup;
			children = (
				1F68AF9C298AA6CF00621A99 /* BookingSeatsTableViewCell.swift */,
				1F98A73A298AFFBD000574D1 /* SeatStatusView.swift */,
				1F98A73C298B0820000574D1 /* BookingItemsUIView.swift */,
			);
			path = MovieTheaterBooking;
			sourceTree = "<group>";
		};
		1F9D667A297AB943000B2035 = {
			isa = PBXGroup;
			children = (
				1F9D6685297AB943000B2035 /* MovieApp2023 */,
				1F9D6684297AB943000B2035 /* Products */,
			);
			sourceTree = "<group>";
		};
		1F9D6684297AB943000B2035 /* Products */ = {
			isa = PBXGroup;
			children = (
				1F9D6683297AB943000B2035 /* MovieApp2023.app */,
			);
			name = Products;
			sourceTree = "<group>";
		};
		1F9D6685297AB943000B2035 /* MovieApp2023 */ = {
			isa = PBXGroup;
			children = (
				1F9D669D297AB94C000B2035 /* App */,
				1F9D669E297AB950000B2035 /* Manager */,
				1F9D669F297AB956000B2035 /* Models */,
				1F9D66A0297AB95C000B2035 /* Resources */,
				1F9D66A1297AB962000B2035 /* Scenes */,
				1F9D66A2297AB96A000B2035 /* Utilities */,
				1F9D66A3297AB970000B2035 /* View */,
			);
			path = MovieApp2023;
			sourceTree = "<group>";
		};
		1F9D669D297AB94C000B2035 /* App */ = {
			isa = PBXGroup;
			children = (
				1F9D6697297AB944000B2035 /* Info.plist */,
				1F9D6688297AB943000B2035 /* SceneDelegate.swift */,
				1F9D6686297AB943000B2035 /* AppDelegate.swift */,
			);
			path = App;
			sourceTree = "<group>";
		};
		1F9D669E297AB950000B2035 /* Manager */ = {
			isa = PBXGroup;
			children = (
				1F9D66C5297C7226000B2035 /* Manager */,
				1F9D66AC297ABE91000B2035 /* Service */,
			);
			path = Manager;
			sourceTree = "<group>";
		};
		1F9D669F297AB956000B2035 /* Models */ = {
			isa = PBXGroup;
			children = (
				1F9FF841297F1E1600DF0ECD /* ViewModel */,
				1F9FF840297F1E0D00DF0ECD /* Response */,
			);
			path = Models;
			sourceTree = "<group>";
		};
		1F9D66A0297AB95C000B2035 /* Resources */ = {
			isa = PBXGroup;
			children = (
				1F9D668F297AB943000B2035 /* MovieApp2023.xcdatamodeld */,
				1F9D6692297AB944000B2035 /* Assets.xcassets */,
				0DA12406297AF27A006310F2 /* NetworkConstants.swift */,
				1F9FF83C297F1DA800DF0ECD /* Constants.swift */,
			);
			path = Resources;
			sourceTree = "<group>";
		};
		1F9D66A1297AB962000B2035 /* Scenes */ = {
			isa = PBXGroup;
			children = (
				1F68AF97298AA1BA00621A99 /* Booking */,
				1F9FF832297F198500DF0ECD /* MovieDetail */,
				1F9D66BA297ACED6000B2035 /* Discover */,
				1F9D66B4297AC164000B2035 /* MainTab */,
			);
			path = Scenes;
			sourceTree = "<group>";
		};
		1F9D66A2297AB96A000B2035 /* Utilities */ = {
			isa = PBXGroup;
			children = (
				1FFF3F622985C42C0096E7BC /* Base */,
				1FFF3F5F2985C1F10096E7BC /* Protocols */,
				1F9D66B7297AC2B9000B2035 /* Extensions */,
			);
			path = Utilities;
			sourceTree = "<group>";
		};
		1F9D66A3297AB970000B2035 /* View */ = {
			isa = PBXGroup;
			children = (
				1F68AF9A298AA68A00621A99 /* MovieTheaterBooking */,
				1F9FF835297F1A3200DF0ECD /* UIViews */,
				0DA1240E297B00B5006310F2 /* Movie */,
				1F9D66A4297ABB8B000B2035 /* Discover */,
				1F9D6694297AB944000B2035 /* LaunchScreen.storyboard */,
			);
			path = View;
			sourceTree = "<group>";
		};
		1F9D66A4297ABB8B000B2035 /* Discover */ = {
			isa = PBXGroup;
			children = (
				1F9D66BD297C4304000B2035 /* BannerView */,
				1F9D66A7297ABBBC000B2035 /* DiscoverHeaderView.swift */,
				0DA1240C297B0078006310F2 /* DiscoverMovieView.swift */,
				1F9D66BB297BD60F000B2035 /* DiscoverMovieCollectionView.swift */,
			);
			path = Discover;
			sourceTree = "<group>";
		};
		1F9D66AC297ABE91000B2035 /* Service */ = {
			isa = PBXGroup;
			children = (
				1F9D66B0297ABEBA000B2035 /* MovieService.swift */,
				1F9D66B2297ABEEC000B2035 /* ApiManager.swift */,
				1F9D66C0297C6DFE000B2035 /* ImageManager.swift */,
				1F9FF838297F1CEE00DF0ECD /* YoutubeService.swift */,
			);
			path = Service;
			sourceTree = "<group>";
		};
		1F9D66B4297AC164000B2035 /* MainTab */ = {
			isa = PBXGroup;
			children = (
				1F9D66B5297AC18F000B2035 /* MainTabBarViewController.swift */,
			);
			path = MainTab;
			sourceTree = "<group>";
		};
		1F9D66B7297AC2B9000B2035 /* Extensions */ = {
			isa = PBXGroup;
			children = (
				1F9DCC78297DC70100B4FAF5 /* UILabel+Extensions.swift */,
				1F9D66B8297AC2C9000B2035 /* ColorExtensions.swift */,
				1F9DCC73297DA9DF00B4FAF5 /* UIImageView+Extension.swift */,
				1F9DCC7A297DC86A00B4FAF5 /* UIView+Extensions.swift */,
				1F9DCC7C297DC8F200B4FAF5 /* UIStackView+Extension.swift */,
			);
			path = Extensions;
			sourceTree = "<group>";
		};
		1F9D66BA297ACED6000B2035 /* Discover */ = {
			isa = PBXGroup;
			children = (
				1F9D668A297AB943000B2035 /* DiscoverViewController.swift */,
				0DA1240A297AF74D006310F2 /* DiscoverViewModel.swift */,
			);
			path = Discover;
			sourceTree = "<group>";
		};
		1F9D66BD297C4304000B2035 /* BannerView */ = {
			isa = PBXGroup;
			children = (
				1F9D66BE297C4321000B2035 /* MovieBannerCollectionView.swift */,
			);
			path = BannerView;
			sourceTree = "<group>";
		};
		1F9D66C5297C7226000B2035 /* Manager */ = {
			isa = PBXGroup;
			children = (
				1F9D66C6297C7237000B2035 /* MovieManager.swift */,
				1F5DC59C298C213E0006AD8A /* BookingManager.swift */,
			);
			path = Manager;
			sourceTree = "<group>";
		};
		1F9FF832297F198500DF0ECD /* MovieDetail */ = {
			isa = PBXGroup;
			children = (
				1F9FF833297F19BA00DF0ECD /* MovieDetailViewController.swift */,
				1F9FF83E297F1DD800DF0ECD /* MovieDetailViewModel.swift */,
			);
			path = MovieDetail;
			sourceTree = "<group>";
		};
		1F9FF835297F1A3200DF0ECD /* UIViews */ = {
			isa = PBXGroup;
			children = (
				1FFF3F652985C6500096E7BC /* ButtonView.swift */,
			);
			path = UIViews;
			sourceTree = "<group>";
		};
		1F9FF840297F1E0D00DF0ECD /* Response */ = {
			isa = PBXGroup;
			children = (
				0DA12408297AF66D006310F2 /* Movie.swift */,
				1F9FF83A297F1D1E00DF0ECD /* Youtube.swift */,
			);
			path = Response;
			sourceTree = "<group>";
		};
		1F9FF841297F1E1600DF0ECD /* ViewModel */ = {
			isa = PBXGroup;
			children = (
				1F9FF842297F1E2E00DF0ECD /* MovieDetailModel.swift */,
				1F5DC59E298C21810006AD8A /* BookingSeatModel.swift */,
			);
			path = ViewModel;
			sourceTree = "<group>";
		};
		1FFF3F5F2985C1F10096E7BC /* Protocols */ = {
			isa = PBXGroup;
			children = (
				1FFF3F602985C2020096E7BC /* RouterProtocol.swift */,
			);
			path = Protocols;
			sourceTree = "<group>";
		};
		1FFF3F622985C42C0096E7BC /* Base */ = {
			isa = PBXGroup;
			children = (
				1FFF3F632985C43F0096E7BC /* BaseViewController.swift */,
			);
			path = Base;
			sourceTree = "<group>";
		};
/* End PBXGroup section */

/* Begin PBXNativeTarget section */
		1F9D6682297AB943000B2035 /* MovieApp2023 */ = {
			isa = PBXNativeTarget;
			buildConfigurationList = 1F9D669A297AB944000B2035 /* Build configuration list for PBXNativeTarget "MovieApp2023" */;
			buildPhases = (
				1F9D667F297AB943000B2035 /* Sources */,
				1F9D6680297AB943000B2035 /* Frameworks */,
				1F9D6681297AB943000B2035 /* Resources */,
			);
			buildRules = (
			);
			dependencies = (
			);
			name = MovieApp2023;
			packageProductDependencies = (
				1F9D66AA297ABD65000B2035 /* SnapKit */,
				1F9D66AE297ABEAF000B2035 /* Alamofire */,
				1F9D66C3297C6E65000B2035 /* Kingfisher */,
			);
			productName = MovieApp2023;
			productReference = 1F9D6683297AB943000B2035 /* MovieApp2023.app */;
			productType = "com.apple.product-type.application";
		};
/* End PBXNativeTarget section */

/* Begin PBXProject section */
		1F9D667B297AB943000B2035 /* Project object */ = {
			isa = PBXProject;
			attributes = {
				BuildIndependentTargetsInParallel = 1;
				LastSwiftUpdateCheck = 1330;
				LastUpgradeCheck = 1330;
				TargetAttributes = {
					1F9D6682297AB943000B2035 = {
						CreatedOnToolsVersion = 13.3;
					};
				};
			};
			buildConfigurationList = 1F9D667E297AB943000B2035 /* Build configuration list for PBXProject "MovieApp2023" */;
			compatibilityVersion = "Xcode 13.0";
			developmentRegion = en;
			hasScannedForEncodings = 0;
			knownRegions = (
				en,
				Base,
			);
			mainGroup = 1F9D667A297AB943000B2035;
			packageReferences = (
				1F9D66A9297ABD65000B2035 /* XCRemoteSwiftPackageReference "SnapKit" */,
				1F9D66AD297ABEAF000B2035 /* XCRemoteSwiftPackageReference "Alamofire" */,
				1F9D66C2297C6E65000B2035 /* XCRemoteSwiftPackageReference "Kingfisher" */,
			);
			productRefGroup = 1F9D6684297AB943000B2035 /* Products */;
			projectDirPath = "";
			projectRoot = "";
			targets = (
				1F9D6682297AB943000B2035 /* MovieApp2023 */,
			);
		};
/* End PBXProject section */

/* Begin PBXResourcesBuildPhase section */
		1F9D6681297AB943000B2035 /* Resources */ = {
			isa = PBXResourcesBuildPhase;
			buildActionMask = 2147483647;
			files = (
				1F9D6696297AB944000B2035 /* LaunchScreen.storyboard in Resources */,
				1F9D6693297AB944000B2035 /* Assets.xcassets in Resources */,
			);
			runOnlyForDeploymentPostprocessing = 0;
		};
/* End PBXResourcesBuildPhase section */

/* Begin PBXSourcesBuildPhase section */
		1F9D667F297AB943000B2035 /* Sources */ = {
			isa = PBXSourcesBuildPhase;
			buildActionMask = 2147483647;
			files = (
				1F9FF83B297F1D1E00DF0ECD /* Youtube.swift in Sources */,
				1F9FF837297F1A5E00DF0ECD /* TrailerView.swift in Sources */,
				1F9D668B297AB943000B2035 /* DiscoverViewController.swift in Sources */,
				1F9D66C1297C6DFE000B2035 /* ImageManager.swift in Sources */,
				1F9D66BF297C4321000B2035 /* MovieBannerCollectionView.swift in Sources */,
				1FFF3F612985C2020096E7BC /* RouterProtocol.swift in Sources */,
				1F9D66BC297BD60F000B2035 /* DiscoverMovieCollectionView.swift in Sources */,
				1F9FF843297F1E2E00DF0ECD /* MovieDetailModel.swift in Sources */,
				1F9FF834297F19BA00DF0ECD /* MovieDetailViewController.swift in Sources */,
				0DA1240D297B0078006310F2 /* DiscoverMovieView.swift in Sources */,
				1F9DCC79297DC70100B4FAF5 /* UILabel+Extensions.swift in Sources */,
				1F5DC59D298C213E0006AD8A /* BookingManager.swift in Sources */,
				1F9D66B6297AC18F000B2035 /* MainTabBarViewController.swift in Sources */,
				0DA12407297AF27A006310F2 /* NetworkConstants.swift in Sources */,
				1FFF3F642985C43F0096E7BC /* BaseViewController.swift in Sources */,
				1F9FF83D297F1DA900DF0ECD /* Constants.swift in Sources */,
				0DA12410297B00C6006310F2 /* MovieTitleView.swift in Sources */,
				1F9D66A8297ABBBC000B2035 /* DiscoverHeaderView.swift in Sources */,
				1F68AF9D298AA6CF00621A99 /* BookingSeatsTableViewCell.swift in Sources */,
				1FFF3F662985C6500096E7BC /* ButtonView.swift in Sources */,
				1F9DCC7B297DC86A00B4FAF5 /* UIView+Extensions.swift in Sources */,
				1F9DCC76297DC64C00B4FAF5 /* MovieInfoView.swift in Sources */,
				1F9D66B1297ABEBA000B2035 /* MovieService.swift in Sources */,
				1F9D66B3297ABEEC000B2035 /* ApiManager.swift in Sources */,
				1F5DC59F298C21810006AD8A /* BookingSeatModel.swift in Sources */,
				1F9D66B9297AC2C9000B2035 /* ColorExtensions.swift in Sources */,
				1F9D6691297AB943000B2035 /* MovieApp2023.xcdatamodeld in Sources */,
				1F98A73D298B0820000574D1 /* BookingItemsUIView.swift in Sources */,
				1F9D6687297AB943000B2035 /* AppDelegate.swift in Sources */,
				0DA1240B297AF74D006310F2 /* DiscoverViewModel.swift in Sources */,
				1F5DC59B298C201B0006AD8A /* BookingViewModel.swift in Sources */,
				1F98A73B298AFFBD000574D1 /* SeatStatusView.swift in Sources */,
				0DA12409297AF66D006310F2 /* Movie.swift in Sources */,
				1F9FF83F297F1DD800DF0ECD /* MovieDetailViewModel.swift in Sources */,
				1F68AF99298AA1E200621A99 /* BookingViewController.swift in Sources */,
				1F9FF839297F1CEE00DF0ECD /* YoutubeService.swift in Sources */,
				1F9DCC74297DA9DF00B4FAF5 /* UIImageView+Extension.swift in Sources */,
				1F9D66C7297C7237000B2035 /* MovieManager.swift in Sources */,
				1F9DCC7D297DC8F200B4FAF5 /* UIStackView+Extension.swift in Sources */,
				1F9D6689297AB943000B2035 /* SceneDelegate.swift in Sources */,
			);
			runOnlyForDeploymentPostprocessing = 0;
		};
/* End PBXSourcesBuildPhase section */

/* Begin PBXVariantGroup section */
		1F9D6694297AB944000B2035 /* LaunchScreen.storyboard */ = {
			isa = PBXVariantGroup;
			children = (
				1F9D6695297AB944000B2035 /* Base */,
			);
			name = LaunchScreen.storyboard;
			sourceTree = "<group>";
		};
/* End PBXVariantGroup section */

/* Begin XCBuildConfiguration section */
		1F9D6698297AB944000B2035 /* Debug */ = {
			isa = XCBuildConfiguration;
			buildSettings = {
				ALWAYS_SEARCH_USER_PATHS = NO;
				CLANG_ANALYZER_NONNULL = YES;
				CLANG_ANALYZER_NUMBER_OBJECT_CONVERSION = YES_AGGRESSIVE;
				CLANG_CXX_LANGUAGE_STANDARD = "gnu++17";
				CLANG_ENABLE_MODULES = YES;
				CLANG_ENABLE_OBJC_ARC = YES;
				CLANG_ENABLE_OBJC_WEAK = YES;
				CLANG_WARN_BLOCK_CAPTURE_AUTORELEASING = YES;
				CLANG_WARN_BOOL_CONVERSION = YES;
				CLANG_WARN_COMMA = YES;
				CLANG_WARN_CONSTANT_CONVERSION = YES;
				CLANG_WARN_DEPRECATED_OBJC_IMPLEMENTATIONS = YES;
				CLANG_WARN_DIRECT_OBJC_ISA_USAGE = YES_ERROR;
				CLANG_WARN_DOCUMENTATION_COMMENTS = YES;
				CLANG_WARN_EMPTY_BODY = YES;
				CLANG_WARN_ENUM_CONVERSION = YES;
				CLANG_WARN_INFINITE_RECURSION = YES;
				CLANG_WARN_INT_CONVERSION = YES;
				CLANG_WARN_NON_LITERAL_NULL_CONVERSION = YES;
				CLANG_WARN_OBJC_IMPLICIT_RETAIN_SELF = YES;
				CLANG_WARN_OBJC_LITERAL_CONVERSION = YES;
				CLANG_WARN_OBJC_ROOT_CLASS = YES_ERROR;
				CLANG_WARN_QUOTED_INCLUDE_IN_FRAMEWORK_HEADER = YES;
				CLANG_WARN_RANGE_LOOP_ANALYSIS = YES;
				CLANG_WARN_STRICT_PROTOTYPES = YES;
				CLANG_WARN_SUSPICIOUS_MOVE = YES;
				CLANG_WARN_UNGUARDED_AVAILABILITY = YES_AGGRESSIVE;
				CLANG_WARN_UNREACHABLE_CODE = YES;
				CLANG_WARN__DUPLICATE_METHOD_MATCH = YES;
				COPY_PHASE_STRIP = NO;
				DEBUG_INFORMATION_FORMAT = dwarf;
				ENABLE_STRICT_OBJC_MSGSEND = YES;
				ENABLE_TESTABILITY = YES;
				GCC_C_LANGUAGE_STANDARD = gnu11;
				GCC_DYNAMIC_NO_PIC = NO;
				GCC_NO_COMMON_BLOCKS = YES;
				GCC_OPTIMIZATION_LEVEL = 0;
				GCC_PREPROCESSOR_DEFINITIONS = (
					"DEBUG=1",
					"$(inherited)",
				);
				GCC_WARN_64_TO_32_BIT_CONVERSION = YES;
				GCC_WARN_ABOUT_RETURN_TYPE = YES_ERROR;
				GCC_WARN_UNDECLARED_SELECTOR = YES;
				GCC_WARN_UNINITIALIZED_AUTOS = YES_AGGRESSIVE;
				GCC_WARN_UNUSED_FUNCTION = YES;
				GCC_WARN_UNUSED_VARIABLE = YES;
				IPHONEOS_DEPLOYMENT_TARGET = 13.0;
				MTL_ENABLE_DEBUG_INFO = INCLUDE_SOURCE;
				MTL_FAST_MATH = YES;
				ONLY_ACTIVE_ARCH = YES;
				SDKROOT = iphoneos;
				SWIFT_ACTIVE_COMPILATION_CONDITIONS = DEBUG;
				SWIFT_OPTIMIZATION_LEVEL = "-Onone";
			};
			name = Debug;
		};
		1F9D6699297AB944000B2035 /* Release */ = {
			isa = XCBuildConfiguration;
			buildSettings = {
				ALWAYS_SEARCH_USER_PATHS = NO;
				CLANG_ANALYZER_NONNULL = YES;
				CLANG_ANALYZER_NUMBER_OBJECT_CONVERSION = YES_AGGRESSIVE;
				CLANG_CXX_LANGUAGE_STANDARD = "gnu++17";
				CLANG_ENABLE_MODULES = YES;
				CLANG_ENABLE_OBJC_ARC = YES;
				CLANG_ENABLE_OBJC_WEAK = YES;
				CLANG_WARN_BLOCK_CAPTURE_AUTORELEASING = YES;
				CLANG_WARN_BOOL_CONVERSION = YES;
				CLANG_WARN_COMMA = YES;
				CLANG_WARN_CONSTANT_CONVERSION = YES;
				CLANG_WARN_DEPRECATED_OBJC_IMPLEMENTATIONS = YES;
				CLANG_WARN_DIRECT_OBJC_ISA_USAGE = YES_ERROR;
				CLANG_WARN_DOCUMENTATION_COMMENTS = YES;
				CLANG_WARN_EMPTY_BODY = YES;
				CLANG_WARN_ENUM_CONVERSION = YES;
				CLANG_WARN_INFINITE_RECURSION = YES;
				CLANG_WARN_INT_CONVERSION = YES;
				CLANG_WARN_NON_LITERAL_NULL_CONVERSION = YES;
				CLANG_WARN_OBJC_IMPLICIT_RETAIN_SELF = YES;
				CLANG_WARN_OBJC_LITERAL_CONVERSION = YES;
				CLANG_WARN_OBJC_ROOT_CLASS = YES_ERROR;
				CLANG_WARN_QUOTED_INCLUDE_IN_FRAMEWORK_HEADER = YES;
				CLANG_WARN_RANGE_LOOP_ANALYSIS = YES;
				CLANG_WARN_STRICT_PROTOTYPES = YES;
				CLANG_WARN_SUSPICIOUS_MOVE = YES;
				CLANG_WARN_UNGUARDED_AVAILABILITY = YES_AGGRESSIVE;
				CLANG_WARN_UNREACHABLE_CODE = YES;
				CLANG_WARN__DUPLICATE_METHOD_MATCH = YES;
				COPY_PHASE_STRIP = NO;
				DEBUG_INFORMATION_FORMAT = "dwarf-with-dsym";
				ENABLE_NS_ASSERTIONS = NO;
				ENABLE_STRICT_OBJC_MSGSEND = YES;
				GCC_C_LANGUAGE_STANDARD = gnu11;
				GCC_NO_COMMON_BLOCKS = YES;
				GCC_WARN_64_TO_32_BIT_CONVERSION = YES;
				GCC_WARN_ABOUT_RETURN_TYPE = YES_ERROR;
				GCC_WARN_UNDECLARED_SELECTOR = YES;
				GCC_WARN_UNINITIALIZED_AUTOS = YES_AGGRESSIVE;
				GCC_WARN_UNUSED_FUNCTION = YES;
				GCC_WARN_UNUSED_VARIABLE = YES;
				IPHONEOS_DEPLOYMENT_TARGET = 13.0;
				MTL_ENABLE_DEBUG_INFO = NO;
				MTL_FAST_MATH = YES;
				SDKROOT = iphoneos;
				SWIFT_COMPILATION_MODE = wholemodule;
				SWIFT_OPTIMIZATION_LEVEL = "-O";
				VALIDATE_PRODUCT = YES;
			};
			name = Release;
		};
		1F9D669B297AB944000B2035 /* Debug */ = {
			isa = XCBuildConfiguration;
			buildSettings = {
				ASSETCATALOG_COMPILER_APPICON_NAME = AppIcon;
				ASSETCATALOG_COMPILER_GLOBAL_ACCENT_COLOR_NAME = AccentColor;
				CODE_SIGN_STYLE = Automatic;
				CURRENT_PROJECT_VERSION = 1;
				DEVELOPMENT_TEAM = HSF4893TH5;
				GENERATE_INFOPLIST_FILE = YES;
				INFOPLIST_FILE = MovieApp2023/App/Info.plist;
				INFOPLIST_KEY_UIApplicationSupportsIndirectInputEvents = YES;
				INFOPLIST_KEY_UILaunchStoryboardName = LaunchScreen;
				INFOPLIST_KEY_UISupportedInterfaceOrientations_iPad = "UIInterfaceOrientationPortrait UIInterfaceOrientationPortraitUpsideDown UIInterfaceOrientationLandscapeLeft UIInterfaceOrientationLandscapeRight";
				INFOPLIST_KEY_UISupportedInterfaceOrientations_iPhone = "UIInterfaceOrientationPortrait UIInterfaceOrientationLandscapeLeft UIInterfaceOrientationLandscapeRight";
				LD_RUNPATH_SEARCH_PATHS = (
					"$(inherited)",
					"@executable_path/Frameworks",
				);
				MARKETING_VERSION = 1.0;
				PRODUCT_BUNDLE_IDENTIFIER = com.akinaksoy.MovieApp2023;
				PRODUCT_NAME = "$(TARGET_NAME)";
				SWIFT_EMIT_LOC_STRINGS = YES;
				SWIFT_VERSION = 5.0;
				TARGETED_DEVICE_FAMILY = "1,2";
			};
			name = Debug;
		};
		1F9D669C297AB944000B2035 /* Release */ = {
			isa = XCBuildConfiguration;
			buildSettings = {
				ASSETCATALOG_COMPILER_APPICON_NAME = AppIcon;
				ASSETCATALOG_COMPILER_GLOBAL_ACCENT_COLOR_NAME = AccentColor;
				CODE_SIGN_STYLE = Automatic;
				CURRENT_PROJECT_VERSION = 1;
				DEVELOPMENT_TEAM = HSF4893TH5;
				GENERATE_INFOPLIST_FILE = YES;
				INFOPLIST_FILE = MovieApp2023/App/Info.plist;
				INFOPLIST_KEY_UIApplicationSupportsIndirectInputEvents = YES;
				INFOPLIST_KEY_UILaunchStoryboardName = LaunchScreen;
				INFOPLIST_KEY_UISupportedInterfaceOrientations_iPad = "UIInterfaceOrientationPortrait UIInterfaceOrientationPortraitUpsideDown UIInterfaceOrientationLandscapeLeft UIInterfaceOrientationLandscapeRight";
				INFOPLIST_KEY_UISupportedInterfaceOrientations_iPhone = "UIInterfaceOrientationPortrait UIInterfaceOrientationLandscapeLeft UIInterfaceOrientationLandscapeRight";
				LD_RUNPATH_SEARCH_PATHS = (
					"$(inherited)",
					"@executable_path/Frameworks",
				);
				MARKETING_VERSION = 1.0;
				PRODUCT_BUNDLE_IDENTIFIER = com.akinaksoy.MovieApp2023;
				PRODUCT_NAME = "$(TARGET_NAME)";
				SWIFT_EMIT_LOC_STRINGS = YES;
				SWIFT_VERSION = 5.0;
				TARGETED_DEVICE_FAMILY = "1,2";
			};
			name = Release;
		};
/* End XCBuildConfiguration section */

/* Begin XCConfigurationList section */
		1F9D667E297AB943000B2035 /* Build configuration list for PBXProject "MovieApp2023" */ = {
			isa = XCConfigurationList;
			buildConfigurations = (
				1F9D6698297AB944000B2035 /* Debug */,
				1F9D6699297AB944000B2035 /* Release */,
			);
			defaultConfigurationIsVisible = 0;
			defaultConfigurationName = Release;
		};
		1F9D669A297AB944000B2035 /* Build configuration list for PBXNativeTarget "MovieApp2023" */ = {
			isa = XCConfigurationList;
			buildConfigurations = (
				1F9D669B297AB944000B2035 /* Debug */,
				1F9D669C297AB944000B2035 /* Release */,
			);
			defaultConfigurationIsVisible = 0;
			defaultConfigurationName = Release;
		};
/* End XCConfigurationList section */

/* Begin XCRemoteSwiftPackageReference section */
		1F9D66A9297ABD65000B2035 /* XCRemoteSwiftPackageReference "SnapKit" */ = {
			isa = XCRemoteSwiftPackageReference;
			repositoryURL = "https://github.com/SnapKit/SnapKit.git";
			requirement = {
				branch = develop;
				kind = branch;
			};
		};
		1F9D66AD297ABEAF000B2035 /* XCRemoteSwiftPackageReference "Alamofire" */ = {
			isa = XCRemoteSwiftPackageReference;
			repositoryURL = "https://github.com/Alamofire/Alamofire.git";
			requirement = {
				branch = master;
				kind = branch;
			};
		};
		1F9D66C2297C6E65000B2035 /* XCRemoteSwiftPackageReference "Kingfisher" */ = {
			isa = XCRemoteSwiftPackageReference;
			repositoryURL = "https://github.com/onevcat/Kingfisher.git";
			requirement = {
				branch = master;
				kind = branch;
			};
		};
/* End XCRemoteSwiftPackageReference section */

/* Begin XCSwiftPackageProductDependency section */
		1F9D66AA297ABD65000B2035 /* SnapKit */ = {
			isa = XCSwiftPackageProductDependency;
			package = 1F9D66A9297ABD65000B2035 /* XCRemoteSwiftPackageReference "SnapKit" */;
			productName = SnapKit;
		};
		1F9D66AE297ABEAF000B2035 /* Alamofire */ = {
			isa = XCSwiftPackageProductDependency;
			package = 1F9D66AD297ABEAF000B2035 /* XCRemoteSwiftPackageReference "Alamofire" */;
			productName = Alamofire;
		};
		1F9D66C3297C6E65000B2035 /* Kingfisher */ = {
			isa = XCSwiftPackageProductDependency;
			package = 1F9D66C2297C6E65000B2035 /* XCRemoteSwiftPackageReference "Kingfisher" */;
			productName = Kingfisher;
		};
/* End XCSwiftPackageProductDependency section */

/* Begin XCVersionGroup section */
		1F9D668F297AB943000B2035 /* MovieApp2023.xcdatamodeld */ = {
			isa = XCVersionGroup;
			children = (
				1F9D6690297AB943000B2035 /* MovieApp2023.xcdatamodel */,
			);
			currentVersion = 1F9D6690297AB943000B2035 /* MovieApp2023.xcdatamodel */;
			path = MovieApp2023.xcdatamodeld;
			sourceTree = "<group>";
			versionGroupType = wrapper.xcdatamodel;
		};
/* End XCVersionGroup section */
	};
	rootObject = 1F9D667B297AB943000B2035 /* Project object */;
}
